{
  "name": "@oat-sa/tao-foobar",
  "requires": true,
  "lockfileVersion": 1,
  "dependencies": {
    "eve": {
      "version": "git+ssh://git@github.com/adobe-webplatform/eve.git#eef80ed8d188423c2272746fb8ae5cc8dad84cb1",
      "from": "eve@git://github.com/adobe-webplatform/eve.git#eef80ed"
    },
    "npm-dummy-package": {
      "version": "1.0.1",
      "resolved": "https://registry.npmjs.org/npm-dummy-package/-/npm-dummy-package-1.0.1.tgz",
      "integrity": "sha512-dxwMTHDQ2TKSfYtxpArNBJiksAKHCQ9QcjGelgzTCw7/h6X1XWJZMCYps/ORECOCaJgHk20toC3CEJP5J+FexA=="
    }
  }
}
