{
  "name": "@oat-sa/tao-foobar",
  "version": "0.1.0",
  "lockfileVersion": 1,
  "requires": true,
  "dependencies": {
    "npm-dummy-package": {
      "version": "1.0.1",
      "resolved": "https://registry.npmjs.org/npm-dummy-package/-/npm-dummy-package-1.0.1.tgz",
      "integrity": "sha512-dxwMTHDQ2TKSfYtxpArNBJiksAKHCQ9QcjGelgzTCw7/h6X1XWJZMCYps/ORECOCaJgHk20toC3CEJP5J+FexA=="
    }
  }
}
